# This file is autogenerated, do not edit; changes may be undone by the next 'dep ensure'.


[[projects]]
  branch = "master"
  name = "github.com/havoc-io/gopass"
  packages = ["."]
  revision = "9a121bec1ae7ca68c434799fc572f69698be8750"

[[projects]]
  branch = "master"
  name = "github.com/kless/osutil"
  packages = ["user/crypt/sha512_crypt"]
  revision = "7d3ee1afa71c90fd1514c8f557ae6c5f414208eb"

[[projects]]
  branch = "master"
  name = "github.com/tredoe/osutil"
  packages = ["user/crypt","user/crypt/common"]
  revision = "7d3ee1afa71c90fd1514c8f557ae6c5f414208eb"

[[projects]]
  branch = "master"
  name = "golang.org/x/crypto"
  packages = ["ssh/terminal"]
  revision = "0fcca4842a8d74bfddc2c96a073bd2a4d2a7a2e8"

[[projects]]
  branch = "master"
  name = "golang.org/x/sys"
  packages = ["unix","windows"]
  revision = "a3f2cbd54cf5dfe3fbaccf76375fdb12f67654c8"

[solve-meta]
  analyzer-name = "dep"
  analyzer-version = 1
  inputs-digest = "3be8c0958dd8dbef639129ced5e5c718d982aac80f1c45d3a38277fab8889816"
  solver-name = "gps-cdcl"
  solver-version = 1
